// !$*UTF8*$!
{
	archiveVersion = 1;
	classes = {
	};
	objectVersion = 46;
	objects = {

/* Begin PBXBuildFile section */
		2126F1731AB8AA7800F423B8 /* main.m in Sources */ = {isa = PBXBuildFile; fileRef = 2126F1721AB8AA7800F423B8 /* main.m */; };
		2126F1761AB8AA7800F423B8 /* AppDelegate.m in Sources */ = {isa = PBXBuildFile; fileRef = 2126F1751AB8AA7800F423B8 /* AppDelegate.m */; };
		2126F1791AB8AA7800F423B8 /* SongPush.xcdatamodeld in Sources */ = {isa = PBXBuildFile; fileRef = 2126F1771AB8AA7800F423B8 /* SongPush.xcdatamodeld */; };
		2126F17C1AB8AA7800F423B8 /* ViewController.m in Sources */ = {isa = PBXBuildFile; fileRef = 2126F17B1AB8AA7800F423B8 /* ViewController.m */; };
		2126F17F1AB8AA7800F423B8 /* Main.storyboard in Resources */ = {isa = PBXBuildFile; fileRef = 2126F17D1AB8AA7800F423B8 /* Main.storyboard */; };
		2126F1811AB8AA7800F423B8 /* Images.xcassets in Resources */ = {isa = PBXBuildFile; fileRef = 2126F1801AB8AA7800F423B8 /* Images.xcassets */; };
		2126F1841AB8AA7800F423B8 /* LaunchScreen.xib in Resources */ = {isa = PBXBuildFile; fileRef = 2126F1821AB8AA7800F423B8 /* LaunchScreen.xib */; };
		2126F1901AB8AA7800F423B8 /* SongPushTests.m in Sources */ = {isa = PBXBuildFile; fileRef = 2126F18F1AB8AA7800F423B8 /* SongPushTests.m */; };
/* End PBXBuildFile section */

/* Begin PBXContainerItemProxy section */
		2126F18A1AB8AA7800F423B8 /* PBXContainerItemProxy */ = {
			isa = PBXContainerItemProxy;
			containerPortal = 2126F1651AB8AA7800F423B8 /* Project object */;
			proxyType = 1;
			remoteGlobalIDString = 2126F16C1AB8AA7800F423B8;
			remoteInfo = SongPush;
		};
/* End PBXContainerItemProxy section */

/* Begin PBXFileReference section */
		2126F16D1AB8AA7800F423B8 /* SongPush.app */ = {isa = PBXFileReference; explicitFileType = wrapper.application; includeInIndex = 0; path = SongPush.app; sourceTree = BUILT_PRODUCTS_DIR; };
		2126F1711AB8AA7800F423B8 /* Info.plist */ = {isa = PBXFileReference; lastKnownFileType = text.plist.xml; path = Info.plist; sourceTree = "<group>"; };
		2126F1721AB8AA7800F423B8 /* main.m */ = {isa = PBXFileReference; lastKnownFileType = sourcecode.c.objc; path = main.m; sourceTree = "<group>"; };
		2126F1741AB8AA7800F423B8 /* AppDelegate.h */ = {isa = PBXFileReference; lastKnownFileType = sourcecode.c.h; path = AppDelegate.h; sourceTree = "<group>"; };
		2126F1751AB8AA7800F423B8 /* AppDelegate.m */ = {isa = PBXFileReference; lastKnownFileType = sourcecode.c.objc; path = AppDelegate.m; sourceTree = "<group>"; };
		2126F1781AB8AA7800F423B8 /* SongPush.xcdatamodel */ = {isa = PBXFileReference; lastKnownFileType = wrapper.xcdatamodel; path = SongPush.xcdatamodel; sourceTree = "<group>"; };
		2126F17A1AB8AA7800F423B8 /* ViewController.h */ = {isa = PBXFileReference; lastKnownFileType = sourcecode.c.h; path = ViewController.h; sourceTree = "<group>"; };
		2126F17B1AB8AA7800F423B8 /* ViewController.m */ = {isa = PBXFileReference; lastKnownFileType = sourcecode.c.objc; path = ViewController.m; sourceTree = "<group>"; };
		2126F17E1AB8AA7800F423B8 /* Base */ = {isa = PBXFileReference; lastKnownFileType = file.storyboard; name = Base; path = Base.lproj/Main.storyboard; sourceTree = "<group>"; };
		2126F1801AB8AA7800F423B8 /* Images.xcassets */ = {isa = PBXFileReference; lastKnownFileType = folder.assetcatalog; path = Images.xcassets; sourceTree = "<group>"; };
		2126F1831AB8AA7800F423B8 /* Base */ = {isa = PBXFileReference; lastKnownFileType = file.xib; name = Base; path = Base.lproj/LaunchScreen.xib; sourceTree = "<group>"; };
		2126F1891AB8AA7800F423B8 /* SongPushTests.xctest */ = {isa = PBXFileReference; explicitFileType = wrapper.cfbundle; includeInIndex = 0; path = SongPushTests.xctest; sourceTree = BUILT_PRODUCTS_DIR; };
		2126F18E1AB8AA7800F423B8 /* Info.plist */ = {isa = PBXFileReference; lastKnownFileType = text.plist.xml; path = Info.plist; sourceTree = "<group>"; };
		2126F18F1AB8AA7800F423B8 /* SongPushTests.m */ = {isa = PBXFileReference; lastKnownFileType = sourcecode.c.objc; path = SongPushTests.m; sourceTree = "<group>"; };
/* End PBXFileReference section */

/* Begin PBXFrameworksBuildPhase section */
		2126F16A1AB8AA7800F423B8 /* Frameworks */ = {
			isa = PBXFrameworksBuildPhase;
			buildActionMask = 2147483647;
			files = (
			);
			runOnlyForDeploymentPostprocessing = 0;
		};
		2126F1861AB8AA7800F423B8 /* Frameworks */ = {
			isa = PBXFrameworksBuildPhase;
			buildActionMask = 2147483647;
			files = (
			);
			runOnlyForDeploymentPostprocessing = 0;
		};
/* End PBXFrameworksBuildPhase section */

/* Begin PBXGroup section */
		2126F1641AB8AA7800F423B8 = {
			isa = PBXGroup;
			children = (
				2126F16F1AB8AA7800F423B8 /* SongPush */,
				2126F18C1AB8AA7800F423B8 /* SongPushTests */,
				2126F16E1AB8AA7800F423B8 /* Products */,
			);
			sourceTree = "<group>";
		};
		2126F16E1AB8AA7800F423B8 /* Products */ = {
			isa = PBXGroup;
			children = (
				2126F16D1AB8AA7800F423B8 /* SongPush.app */,
				2126F1891AB8AA7800F423B8 /* SongPushTests.xctest */,
			);
			name = Products;
			sourceTree = "<group>";
		};
		2126F16F1AB8AA7800F423B8 /* SongPush */ = {
			isa = PBXGroup;
			children = (
				2126F1741AB8AA7800F423B8 /* AppDelegate.h */,
				2126F1751AB8AA7800F423B8 /* AppDelegate.m */,
				2126F17A1AB8AA7800F423B8 /* ViewController.h */,
				2126F17B1AB8AA7800F423B8 /* ViewController.m */,
				2126F17D1AB8AA7800F423B8 /* Main.storyboard */,
				2126F1801AB8AA7800F423B8 /* Images.xcassets */,
				2126F1821AB8AA7800F423B8 /* LaunchScreen.xib */,
				2126F1771AB8AA7800F423B8 /* SongPush.xcdatamodeld */,
				2126F1701AB8AA7800F423B8 /* Supporting Files */,
			);
			path = SongPush;
			sourceTree = "<group>";
		};
		2126F1701AB8AA7800F423B8 /* Supporting Files */ = {
			isa = PBXGroup;
			children = (
				2126F1711AB8AA7800F423B8 /* Info.plist */,
				2126F1721AB8AA7800F423B8 /* main.m */,
			);
			name = "Supporting Files";
			sourceTree = "<group>";
		};
		2126F18C1AB8AA7800F423B8 /* SongPushTests */ = {
			isa = PBXGroup;
			children = (
				2126F18F1AB8AA7800F423B8 /* SongPushTests.m */,
				2126F18D1AB8AA7800F423B8 /* Supporting Files */,
			);
			path = SongPushTests;
			sourceTree = "<group>";
		};
		2126F18D1AB8AA7800F423B8 /* Supporting Files */ = {
			isa = PBXGroup;
			children = (
				2126F18E1AB8AA7800F423B8 /* Info.plist */,
			);
			name = "Supporting Files";
			sourceTree = "<group>";
		};
/* End PBXGroup section */

/* Begin PBXNativeTarget section */
		2126F16C1AB8AA7800F423B8 /* SongPush */ = {
			isa = PBXNativeTarget;
			buildConfigurationList = 2126F1931AB8AA7800F423B8 /* Build configuration list for PBXNativeTarget "SongPush" */;
			buildPhases = (
				2126F1691AB8AA7800F423B8 /* Sources */,
				2126F16A1AB8AA7800F423B8 /* Frameworks */,
				2126F16B1AB8AA7800F423B8 /* Resources */,
			);
			buildRules = (
			);
			dependencies = (
			);
			name = SongPush;
			productName = SongPush;
			productReference = 2126F16D1AB8AA7800F423B8 /* SongPush.app */;
			productType = "com.apple.product-type.application";
		};
		2126F1881AB8AA7800F423B8 /* SongPushTests */ = {
			isa = PBXNativeTarget;
			buildConfigurationList = 2126F1961AB8AA7800F423B8 /* Build configuration list for PBXNativeTarget "SongPushTests" */;
			buildPhases = (
				2126F1851AB8AA7800F423B8 /* Sources */,
				2126F1861AB8AA7800F423B8 /* Frameworks */,
				2126F1871AB8AA7800F423B8 /* Resources */,
			);
			buildRules = (
			);
			dependencies = (
				2126F18B1AB8AA7800F423B8 /* PBXTargetDependency */,
			);
			name = SongPushTests;
			productName = SongPushTests;
			productReference = 2126F1891AB8AA7800F423B8 /* SongPushTests.xctest */;
			productType = "com.apple.product-type.bundle.unit-test";
		};
/* End PBXNativeTarget section */

/* Begin PBXProject section */
		2126F1651AB8AA7800F423B8 /* Project object */ = {
			isa = PBXProject;
			attributes = {
				LastUpgradeCheck = 0610;
				ORGANIZATIONNAME = "Nishanth Salinamakki";
				TargetAttributes = {
					2126F16C1AB8AA7800F423B8 = {
						CreatedOnToolsVersion = 6.1.1;
					};
					2126F1881AB8AA7800F423B8 = {
						CreatedOnToolsVersion = 6.1.1;
						TestTargetID = 2126F16C1AB8AA7800F423B8;
					};
				};
			};
			buildConfigurationList = 2126F1681AB8AA7800F423B8 /* Build configuration list for PBXProject "SongPush" */;
			compatibilityVersion = "Xcode 3.2";
			developmentRegion = English;
			hasScannedForEncodings = 0;
			knownRegions = (
				en,
				Base,
			);
			mainGroup = 2126F1641AB8AA7800F423B8;
			productRefGroup = 2126F16E1AB8AA7800F423B8 /* Products */;
			projectDirPath = "";
			projectRoot = "";
			targets = (
				2126F16C1AB8AA7800F423B8 /* SongPush */,
				2126F1881AB8AA7800F423B8 /* SongPushTests */,
			);
		};
/* End PBXProject section */

/* Begin PBXResourcesBuildPhase section */
		2126F16B1AB8AA7800F423B8 /* Resources */ = {
			isa = PBXResourcesBuildPhase;
			buildActionMask = 2147483647;
			files = (
				2126F17F1AB8AA7800F423B8 /* Main.storyboard in Resources */,
				2126F1841AB8AA7800F423B8 /* LaunchScreen.xib in Resources */,
				2126F1811AB8AA7800F423B8 /* Images.xcassets in Resources */,
			);
			runOnlyForDeploymentPostprocessing = 0;
		};
		2126F1871AB8AA7800F423B8 /* Resources */ = {
			isa = PBXResourcesBuildPhase;
			buildActionMask = 2147483647;
			files = (
			);
			runOnlyForDeploymentPostprocessing = 0;
		};
/* End PBXResourcesBuildPhase section */

/* Begin PBXSourcesBuildPhase section */
		2126F1691AB8AA7800F423B8 /* Sources */ = {
			isa = PBXSourcesBuildPhase;
			buildActionMask = 2147483647;
			files = (
				2126F1791AB8AA7800F423B8 /* SongPush.xcdatamodeld in Sources */,
				2126F1761AB8AA7800F423B8 /* AppDelegate.m in Sources */,
				2126F17C1AB8AA7800F423B8 /* ViewController.m in Sources */,
				2126F1731AB8AA7800F423B8 /* main.m in Sources */,
			);
			runOnlyForDeploymentPostprocessing = 0;
		};
		2126F1851AB8AA7800F423B8 /* Sources */ = {
			isa = PBXSourcesBuildPhase;
			buildActionMask = 2147483647;
			files = (
				2126F1901AB8AA7800F423B8 /* SongPushTests.m in Sources */,
			);
			runOnlyForDeploymentPostprocessing = 0;
		};
/* End PBXSourcesBuildPhase section */

/* Begin PBXTargetDependency section */
		2126F18B1AB8AA7800F423B8 /* PBXTargetDependency */ = {
			isa = PBXTargetDependency;
			target = 2126F16C1AB8AA7800F423B8 /* SongPush */;
			targetProxy = 2126F18A1AB8AA7800F423B8 /* PBXContainerItemProxy */;
		};
/* End PBXTargetDependency section */

/* Begin PBXVariantGroup section */
		2126F17D1AB8AA7800F423B8 /* Main.storyboard */ = {
			isa = PBXVariantGroup;
			children = (
				2126F17E1AB8AA7800F423B8 /* Base */,
			);
			name = Main.storyboard;
			sourceTree = "<group>";
		};
		2126F1821AB8AA7800F423B8 /* LaunchScreen.xib */ = {
			isa = PBXVariantGroup;
			children = (
				2126F1831AB8AA7800F423B8 /* Base */,
			);
			name = LaunchScreen.xib;
			sourceTree = "<group>";
		};
/* End PBXVariantGroup section */

/* Begin XCBuildConfiguration section */
		2126F1911AB8AA7800F423B8 /* Debug */ = {
			isa = XCBuildConfiguration;
			buildSettings = {
				ALWAYS_SEARCH_USER_PATHS = NO;
				CLANG_CXX_LANGUAGE_STANDARD = "gnu++0x";
				CLANG_CXX_LIBRARY = "libc++";
				CLANG_ENABLE_MODULES = YES;
				CLANG_ENABLE_OBJC_ARC = YES;
				CLANG_WARN_BOOL_CONVERSION = YES;
				CLANG_WARN_CONSTANT_CONVERSION = YES;
				CLANG_WARN_DIRECT_OBJC_ISA_USAGE = YES_ERROR;
				CLANG_WARN_EMPTY_BODY = YES;
				CLANG_WARN_ENUM_CONVERSION = YES;
				CLANG_WARN_INT_CONVERSION = YES;
				CLANG_WARN_OBJC_ROOT_CLASS = YES_ERROR;
				CLANG_WARN_UNREACHABLE_CODE = YES;
				CLANG_WARN__DUPLICATE_METHOD_MATCH = YES;
				"CODE_SIGN_IDENTITY[sdk=iphoneos*]" = "iPhone Developer";
				COPY_PHASE_STRIP = NO;
				ENABLE_STRICT_OBJC_MSGSEND = YES;
				GCC_C_LANGUAGE_STANDARD = gnu99;
				GCC_DYNAMIC_NO_PIC = NO;
				GCC_OPTIMIZATION_LEVEL = 0;
				GCC_PREPROCESSOR_DEFINITIONS = (
					"DEBUG=1",
					"$(inherited)",
				);
				GCC_SYMBOLS_PRIVATE_EXTERN = NO;
				GCC_WARN_64_TO_32_BIT_CONVERSION = YES;
				GCC_WARN_ABOUT_RETURN_TYPE = YES_ERROR;
				GCC_WARN_UNDECLARED_SELECTOR = YES;
				GCC_WARN_UNINITIALIZED_AUTOS = YES_AGGRESSIVE;
				GCC_WARN_UNUSED_FUNCTION = YES;
				GCC_WARN_UNUSED_VARIABLE = YES;
				IPHONEOS_DEPLOYMENT_TARGET = 8.1;
				MTL_ENABLE_DEBUG_INFO = YES;
				ONLY_ACTIVE_ARCH = YES;
				SDKROOT = iphoneos;
			};
			name = Debug;
		};
		2126F1921AB8AA7800F423B8 /* Release */ = {
			isa = XCBuildConfiguration;
			buildSettings = {
				ALWAYS_SEARCH_USER_PATHS = NO;
				CLANG_CXX_LANGUAGE_STANDARD = "gnu++0x";
				CLANG_CXX_LIBRARY = "libc++";
				CLANG_ENABLE_MODULES = YES;
				CLANG_ENABLE_OBJC_ARC = YES;
				CLANG_WARN_BOOL_CONVERSION = YES;
				CLANG_WARN_CONSTANT_CONVERSION = YES;
				CLANG_WARN_DIRECT_OBJC_ISA_USAGE = YES_ERROR;
				CLANG_WARN_EMPTY_BODY = YES;
				CLANG_WARN_ENUM_CONVERSION = YES;
				CLANG_WARN_INT_CONVERSION = YES;
				CLANG_WARN_OBJC_ROOT_CLASS = YES_ERROR;
				CLANG_WARN_UNREACHABLE_CODE = YES;
				CLANG_WARN__DUPLICATE_METHOD_MATCH = YES;
				"CODE_SIGN_IDENTITY[sdk=iphoneos*]" = "iPhone Developer";
				COPY_PHASE_STRIP = YES;
				ENABLE_NS_ASSERTIONS = NO;
				ENABLE_STRICT_OBJC_MSGSEND = YES;
				GCC_C_LANGUAGE_STANDARD = gnu99;
				GCC_WARN_64_TO_32_BIT_CONVERSION = YES;
				GCC_WARN_ABOUT_RETURN_TYPE = YES_ERROR;
				GCC_WARN_UNDECLARED_SELECTOR = YES;
				GCC_WARN_UNINITIALIZED_AUTOS = YES_AGGRESSIVE;
				GCC_WARN_UNUSED_FUNCTION = YES;
				GCC_WARN_UNUSED_VARIABLE = YES;
				IPHONEOS_DEPLOYMENT_TARGET = 8.1;
				MTL_ENABLE_DEBUG_INFO = NO;
				SDKROOT = iphoneos;
				VALIDATE_PRODUCT = YES;
			};
			name = Release;
		};
		2126F1941AB8AA7800F423B8 /* Debug */ = {
			isa = XCBuildConfiguration;
			buildSettings = {
				ASSETCATALOG_COMPILER_APPICON_NAME = AppIcon;
				INFOPLIST_FILE = SongPush/Info.plist;
				LD_RUNPATH_SEARCH_PATHS = "$(inherited) @executable_path/Frameworks";
				PRODUCT_NAME = "$(TARGET_NAME)";
			};
			name = Debug;
		};
		2126F1951AB8AA7800F423B8 /* Release */ = {
			isa = XCBuildConfiguration;
			buildSettings = {
				ASSETCATALOG_COMPILER_APPICON_NAME = AppIcon;
				INFOPLIST_FILE = SongPush/Info.plist;
				LD_RUNPATH_SEARCH_PATHS = "$(inherited) @executable_path/Frameworks";
				PRODUCT_NAME = "$(TARGET_NAME)";
			};
			name = Release;
		};
		2126F1971AB8AA7800F423B8 /* Debug */ = {
			isa = XCBuildConfiguration;
			buildSettings = {
				BUNDLE_LOADER = "$(TEST_HOST)";
				FRAMEWORK_SEARCH_PATHS = (
					"$(SDKROOT)/Developer/Library/Frameworks",
					"$(inherited)",
				);
				GCC_PREPROCESSOR_DEFINITIONS = (
					"DEBUG=1",
					"$(inherited)",
				);
				INFOPLIST_FILE = SongPushTests/Info.plist;
				LD_RUNPATH_SEARCH_PATHS = "$(inherited) @executable_path/Frameworks @loader_path/Frameworks";
				PRODUCT_NAME = "$(TARGET_NAME)";
				TEST_HOST = "$(BUILT_PRODUCTS_DIR)/SongPush.app/SongPush";
			};
			name = Debug;
		};
		2126F1981AB8AA7800F423B8 /* Release */ = {
			isa = XCBuildConfiguration;
			buildSettings = {
				BUNDLE_LOADER = "$(TEST_HOST)";
				FRAMEWORK_SEARCH_PATHS = (
					"$(SDKROOT)/Developer/Library/Frameworks",
					"$(inherited)",
				);
				INFOPLIST_FILE = SongPushTests/Info.plist;
				LD_RUNPATH_SEARCH_PATHS = "$(inherited) @executable_path/Frameworks @loader_path/Frameworks";
				PRODUCT_NAME = "$(TARGET_NAME)";
				TEST_HOST = "$(BUILT_PRODUCTS_DIR)/SongPush.app/SongPush";
			};
			name = Release;
		};
/* End XCBuildConfiguration section */

/* Begin XCConfigurationList section */
		2126F1681AB8AA7800F423B8 /* Build configuration list for PBXProject "SongPush" */ = {
			isa = XCConfigurationList;
			buildConfigurations = (
				2126F1911AB8AA7800F423B8 /* Debug */,
				2126F1921AB8AA7800F423B8 /* Release */,
			);
			defaultConfigurationIsVisible = 0;
			defaultConfigurationName = Release;
		};
		2126F1931AB8AA7800F423B8 /* Build configuration list for PBXNativeTarget "SongPush" */ = {
			isa = XCConfigurationList;
			buildConfigurations = (
				2126F1941AB8AA7800F423B8 /* Debug */,
				2126F1951AB8AA7800F423B8 /* Release */,
			);
			defaultConfigurationIsVisible = 0;
		};
		2126F1961AB8AA7800F423B8 /* Build configuration list for PBXNativeTarget "SongPushTests" */ = {
			isa = XCConfigurationList;
			buildConfigurations = (
				2126F1971AB8AA7800F423B8 /* Debug */,
				2126F1981AB8AA7800F423B8 /* Release */,
			);
			defaultConfigurationIsVisible = 0;
		};
/* End XCConfigurationList section */

/* Begin XCVersionGroup section */
		2126F1771AB8AA7800F423B8 /* SongPush.xcdatamodeld */ = {
			isa = XCVersionGroup;
			children = (
				2126F1781AB8AA7800F423B8 /* SongPush.xcdatamodel */,
			);
			currentVersion = 2126F1781AB8AA7800F423B8 /* SongPush.xcdatamodel */;
			path = SongPush.xcdatamodeld;
			sourceTree = "<group>";
			versionGroupType = wrapper.xcdatamodel;
		};
/* End XCVersionGroup section */
	};
	rootObject = 2126F1651AB8AA7800F423B8 /* Project object */;
}
